<?xml version="1.0" encoding="utf-8"?>
<Project ToolsVersion="4.0" xmlns="http://schemas.microsoft.com/developer/msbuild/2003">
  <ItemGroup>
    <Filter Include="Source Files">
      <UniqueIdentifier>{4FC737F1-C7A5-4376-A066-2A32D752A2FF}</UniqueIdentifier>
      <Extensions>cpp;c;cc;cxx;def;odl;idl;hpj;bat;asm;asmx</Extensions>
    </Filter>
    <Filter Include="Header Files">
      <UniqueIdentifier>{93995380-89BD-4b04-88EB-625FBE52EBFB}</UniqueIdentifier>
      <Extensions>h;hpp;hxx;hm;inl;inc;xsd</Extensions>
    </Filter>
    <Filter Include="Resource Files">
      <UniqueIdentifier>{67DA6AB6-F800-4c08-8B7A-83BB121AAD01}</UniqueIdentifier>
      <Extensions>rc;ico;cur;bmp;dlg;rc2;rct;bin;rgs;gif;jpg;jpeg;jpe;resx;tiff;tif;png;wav;mfcribbon-ms</Extensions>
    </Filter>
  </ItemGroup>
  <ItemGroup>
    <ClCompile Include="BaseApp.cpp">
      <Filter>Source Files</Filter>
    </ClCompile>
    <ClCompile Include="BaseModel.cpp">
      <Filter>Source Files</Filter>
    </ClCompile>
    <ClCompile Include="Camera.cpp">
      <Filter>Source Files</Filter>
    </ClCompile>
    <ClCompile Include="Game.cpp">
      <Filter>Source Files</Filter>
    </ClCompile>
    <ClCompile Include="Gui.cpp">
      <Filter>Source Files</Filter>
    </ClCompile>
    <ClCompile Include="main.cpp">
      <Filter>Source Files</Filter>
    </ClCompile>
    <ClCompile Include="Mesh.cpp">
      <Filter>Source Files</Filter>
    </ClCompile>
    <ClCompile Include="ModelContainer.cpp">
      <Filter>Source Files</Filter>
    </ClCompile>
    <ClCompile Include="Physics.cpp">
      <Filter>Source Files</Filter>
    </ClCompile>
    <ClCompile Include="PhysicsCar.cpp">
      <Filter>Source Files</Filter>
    </ClCompile>
    <ClCompile Include="PhysicsCheckpoint.cpp">
      <Filter>Source Files</Filter>
    </ClCompile>
    <ClCompile Include="PhysicsDebugDraw.cpp">
      <Filter>Source Files</Filter>
    </ClCompile>
    <ClCompile Include="PhysicsUtils.cpp">
      <Filter>Source Files</Filter>
    </ClCompile>
    <ClCompile Include="Scene.cpp">
      <Filter>Source Files</Filter>
    </ClCompile>
    <ClCompile Include="ShaderManager.cpp">
      <Filter>Source Files</Filter>
    </ClCompile>
    <ClCompile Include="ShadowVolumes.cpp">
      <Filter>Source Files</Filter>
    </ClCompile>
    <ClCompile Include="3ds\scene3ds.cpp">
      <Filter>Header Files</Filter>
    </ClCompile>
    <ClCompile Include="3ds\chunk\chunk.cpp">
      <Filter>Header Files</Filter>
    </ClCompile>
    <ClCompile Include="3ds\chunk\file.cpp">
      <Filter>Header Files</Filter>
    </ClCompile>
    <ClCompile Include="3ds\light\light3ds.cpp">
      <Filter>Header Files</Filter>
    </ClCompile>
    <ClCompile Include="3ds\light\light3dsobject.cpp">
      <Filter>Header Files</Filter>
    </ClCompile>
    <ClCompile Include="3ds\material\material3ds.cpp">
      <Filter>Header Files</Filter>
    </ClCompile>
    <ClCompile Include="3ds\material\material3dsobject.cpp">
      <Filter>Header Files</Filter>
    </ClCompile>
    <ClCompile Include="3ds\mesh\mesh3ds.cpp">
      <Filter>Header Files</Filter>
    </ClCompile>
    <ClCompile Include="3ds\mesh\mesh3dsobject.cpp">
      <Filter>Header Files</Filter>
    </ClCompile>
  </ItemGroup>
  <ItemGroup>
    <ClInclude Include="BaseApp.h">
      <Filter>Source Files</Filter>
    </ClInclude>
    <ClInclude Include="BaseModel.h">
      <Filter>Source Files</Filter>
    </ClInclude>
    <ClInclude Include="Camera.h">
      <Filter>Source Files</Filter>
    </ClInclude>
    <ClInclude Include="Debug.h">
      <Filter>Source Files</Filter>
    </ClInclude>
    <ClInclude Include="Exceptions.h">
      <Filter>Source Files</Filter>
    </ClInclude>
    <ClInclude Include="FpsCounter.h">
      <Filter>Source Files</Filter>
    </ClInclude>
    <ClInclude Include="Game.h">
      <Filter>Source Files</Filter>
    </ClInclude>
    <ClInclude Include="GameTime.h">
      <Filter>Source Files</Filter>
    </ClInclude>
    <ClInclude Include="Gui.h">
      <Filter>Source Files</Filter>
    </ClInclude>
    <ClInclude Include="Light.h">
      <Filter>Source Files</Filter>
    </ClInclude>
    <ClInclude Include="main.h">
      <Filter>Source Files</Filter>
    </ClInclude>
    <ClInclude Include="Mesh.h">
      <Filter>Source Files</Filter>
    </ClInclude>
    <ClInclude Include="ModelContainer.h">
      <Filter>Source Files</Filter>
    </ClInclude>
    <ClInclude Include="Physics.h">
      <Filter>Source Files</Filter>
    </ClInclude>
    <ClInclude Include="PhysicsCar.h">
      <Filter>Source Files</Filter>
    </ClInclude>
    <ClInclude Include="PhysicsCarConfig.h">
      <Filter>Source Files</Filter>
    </ClInclude>
    <ClInclude Include="PhysicsCheckpoint.h">
      <Filter>Source Files</Filter>
    </ClInclude>
    <ClInclude Include="PhysicsDebugDraw.h">
      <Filter>Source Files</Filter>
    </ClInclude>
    <ClInclude Include="PhysicsUtils.h">
      <Filter>Source Files</Filter>
    </ClInclude>
    <ClInclude Include="Scene.h">
      <Filter>Source Files</Filter>
    </ClInclude>
    <ClInclude Include="ShaderManager.h">
      <Filter>Source Files</Filter>
    </ClInclude>
    <ClInclude Include="ShadowVolumes.h">
      <Filter>Source Files</Filter>
    </ClInclude>
    <ClInclude Include="Utils.h">
      <Filter>Source Files</Filter>
    </ClInclude>
    <ClInclude Include="3ds\3ds.h">
      <Filter>Header Files</Filter>
    </ClInclude>
    <ClInclude Include="3ds\scene3ds.h">
      <Filter>Header Files</Filter>
    </ClInclude>
    <ClInclude Include="3ds\chunk\chunk.h">
      <Filter>Header Files</Filter>
    </ClInclude>
    <ClInclude Include="3ds\chunk\file.h">
      <Filter>Header Files</Filter>
    </ClInclude>
    <ClInclude Include="3ds\light\light3ds.h">
      <Filter>Header Files</Filter>
    </ClInclude>
    <ClInclude Include="3ds\light\light3dsobject.h">
      <Filter>Header Files</Filter>
    </ClInclude>
    <ClInclude Include="3ds\material\material3ds.h">
      <Filter>Header Files</Filter>
    </ClInclude>
    <ClInclude Include="3ds\material\material3dsobject.h">
      <Filter>Header Files</Filter>
    </ClInclude>
    <ClInclude Include="3ds\mesh\mesh3ds.h">
      <Filter>Header Files</Filter>
    </ClInclude>
    <ClInclude Include="3ds\mesh\mesh3dsobject.h">
      <Filter>Header Files</Filter>
    </ClInclude>
  </ItemGroup>
  <ItemGroup>
    <None Include="README.md">
      <Filter>Source Files</Filter>
    </None>
    <None Include="LICENSE.txt">
      <Filter>Source Files</Filter>
    </None>
    <None Include="3ds\README">
      <Filter>Header Files</Filter>
    </None>
  </ItemGroup>
</Project>